
Microsoft Visual Studio Solution File, Format Version 12.00
# Visual Studio Version 17
VisualStudioVersion = 17.0.31903.59
MinimumVisualStudioVersion = 10.0.40219.1
Project("{2150E333-8FDC-42A3-9474-1A3956D46DE8}") = "src", "src", "{827E0CD3-B72D-47B6-A68D-7590B98EB39B}"
EndProject
Project("{FAE04EC0-301F-11D3-BF4B-00C04F79EFBC}") = "CclDotnet", "src\CclDotnet\CclDotnet.csproj", "{74B443AB-AF9C-44C7-9CBB-648C7DB2CDA5}"
EndProject
Project("{2150E333-8FDC-42A3-9474-1A3956D46DE8}") = "tools", "tools", "{07C2787E-EAC7-C090-1BA3-A61EC2A24D84}"
EndProject
Project("{FAE04EC0-301F-11D3-BF4B-00C04F79EFBC}") = "CatConfLang.TestRunner.Abstractions", "tools\CatConfLang.TestRunner.Abstractions\CatConfLang.TestRunner.Abstractions.csproj", "{4F451E88-59A3-4A6F-BE9E-482FA2702411}"
EndProject
Project("{FAE04EC0-301F-11D3-BF4B-00C04F79EFBC}") = "CatConfLang.TestRunner", "tools\CatConfLang.TestRunner\CatConfLang.TestRunner.csproj", "{30A64984-EC44-4628-9A1E-A306F6BEF3AA}"
EndProject
Project("{FAE04EC0-301F-11D3-BF4B-00C04F79EFBC}") = "CclDotnet.TestHost", "test\CclDotnet.TestHost\CclDotnet.TestHost.csproj", "{AB8B6FEF-6527-4543-9182-91987B20ABA2}"
EndProject
Project("{F2A71F9B-5D33-465A-A702-920D77279786}") = "CclDotnet.Pacman", "src\CclDotnet.Pacman\CclDotnet.Pacman.fsproj", "{7F445712-B380-4DFF-A212-B46C25B21EA0}"
EndProject
Project("{2150E333-8FDC-42A3-9474-1A3956D46DE8}") = "test", "test", "{0C88DD14-F956-CE84-757C-A364CCF449FC}"
EndProject
Project("{F2A71F9B-5D33-465A-A702-920D77279786}") = "CclDotnet.Pacman.TestHost", "test\CclDotnet.Pacman.TestHost\CclDotnet.Pacman.TestHost.fsproj", "{186103B9-A6F6-41AC-A7DF-E83CA4DE0246}"
EndProject
Global
	GlobalSection(SolutionConfigurationPlatforms) = preSolution
		Debug|Any CPU = Debug|Any CPU
		Debug|x64 = Debug|x64
		Debug|x86 = Debug|x86
		Release|Any CPU = Release|Any CPU
		Release|x64 = Release|x64
		Release|x86 = Release|x86
	EndGlobalSection
	GlobalSection(ProjectConfigurationPlatforms) = postSolution
		{74B443AB-AF9C-44C7-9CBB-648C7DB2CDA5}.Debug|Any CPU.ActiveCfg = Debug|Any CPU
		{74B443AB-AF9C-44C7-9CBB-648C7DB2CDA5}.Debug|Any CPU.Build.0 = Debug|Any CPU
		{74B443AB-AF9C-44C7-9CBB-648C7DB2CDA5}.Debug|x64.ActiveCfg = Debug|Any CPU
		{74B443AB-AF9C-44C7-9CBB-648C7DB2CDA5}.Debug|x64.Build.0 = Debug|Any CPU
		{74B443AB-AF9C-44C7-9CBB-648C7DB2CDA5}.Debug|x86.ActiveCfg = Debug|Any CPU
		{74B443AB-AF9C-44C7-9CBB-648C7DB2CDA5}.Debug|x86.Build.0 = Debug|Any CPU
		{74B443AB-AF9C-44C7-9CBB-648C7DB2CDA5}.Release|Any CPU.ActiveCfg = Release|Any CPU
		{74B443AB-AF9C-44C7-9CBB-648C7DB2CDA5}.Release|Any CPU.Build.0 = Release|Any CPU
		{74B443AB-AF9C-44C7-9CBB-648C7DB2CDA5}.Release|x64.ActiveCfg = Release|Any CPU
		{74B443AB-AF9C-44C7-9CBB-648C7DB2CDA5}.Release|x64.Build.0 = Release|Any CPU
		{74B443AB-AF9C-44C7-9CBB-648C7DB2CDA5}.Release|x86.ActiveCfg = Release|Any CPU
		{74B443AB-AF9C-44C7-9CBB-648C7DB2CDA5}.Release|x86.Build.0 = Release|Any CPU
		{4F451E88-59A3-4A6F-BE9E-482FA2702411}.Debug|Any CPU.ActiveCfg = Debug|Any CPU
		{4F451E88-59A3-4A6F-BE9E-482FA2702411}.Debug|Any CPU.Build.0 = Debug|Any CPU
		{4F451E88-59A3-4A6F-BE9E-482FA2702411}.Debug|x64.ActiveCfg = Debug|Any CPU
		{4F451E88-59A3-4A6F-BE9E-482FA2702411}.Debug|x64.Build.0 = Debug|Any CPU
		{4F451E88-59A3-4A6F-BE9E-482FA2702411}.Debug|x86.ActiveCfg = Debug|Any CPU
		{4F451E88-59A3-4A6F-BE9E-482FA2702411}.Debug|x86.Build.0 = Debug|Any CPU
		{4F451E88-59A3-4A6F-BE9E-482FA2702411}.Release|Any CPU.ActiveCfg = Release|Any CPU
		{4F451E88-59A3-4A6F-BE9E-482FA2702411}.Release|Any CPU.Build.0 = Release|Any CPU
		{4F451E88-59A3-4A6F-BE9E-482FA2702411}.Release|x64.ActiveCfg = Release|Any CPU
		{4F451E88-59A3-4A6F-BE9E-482FA2702411}.Release|x64.Build.0 = Release|Any CPU
		{4F451E88-59A3-4A6F-BE9E-482FA2702411}.Release|x86.ActiveCfg = Release|Any CPU
		{4F451E88-59A3-4A6F-BE9E-482FA2702411}.Release|x86.Build.0 = Release|Any CPU
		{30A64984-EC44-4628-9A1E-A306F6BEF3AA}.Debug|Any CPU.ActiveCfg = Debug|Any CPU
		{30A64984-EC44-4628-9A1E-A306F6BEF3AA}.Debug|Any CPU.Build.0 = Debug|Any CPU
		{30A64984-EC44-4628-9A1E-A306F6BEF3AA}.Debug|x64.ActiveCfg = Debug|Any CPU
		{30A64984-EC44-4628-9A1E-A306F6BEF3AA}.Debug|x64.Build.0 = Debug|Any CPU
		{30A64984-EC44-4628-9A1E-A306F6BEF3AA}.Debug|x86.ActiveCfg = Debug|Any CPU
		{30A64984-EC44-4628-9A1E-A306F6BEF3AA}.Debug|x86.Build.0 = Debug|Any CPU
		{30A64984-EC44-4628-9A1E-A306F6BEF3AA}.Release|Any CPU.ActiveCfg = Release|Any CPU
		{30A64984-EC44-4628-9A1E-A306F6BEF3AA}.Release|Any CPU.Build.0 = Release|Any CPU
		{30A64984-EC44-4628-9A1E-A306F6BEF3AA}.Release|x64.ActiveCfg = Release|Any CPU
		{30A64984-EC44-4628-9A1E-A306F6BEF3AA}.Release|x64.Build.0 = Release|Any CPU
		{30A64984-EC44-4628-9A1E-A306F6BEF3AA}.Release|x86.ActiveCfg = Release|Any CPU
		{30A64984-EC44-4628-9A1E-A306F6BEF3AA}.Release|x86.Build.0 = Release|Any CPU
		{AB8B6FEF-6527-4543-9182-91987B20ABA2}.Debug|Any CPU.ActiveCfg = Debug|Any CPU
		{AB8B6FEF-6527-4543-9182-91987B20ABA2}.Debug|Any CPU.Build.0 = Debug|Any CPU
		{AB8B6FEF-6527-4543-9182-91987B20ABA2}.Debug|x64.ActiveCfg = Debug|Any CPU
		{AB8B6FEF-6527-4543-9182-91987B20ABA2}.Debug|x64.Build.0 = Debug|Any CPU
		{AB8B6FEF-6527-4543-9182-91987B20ABA2}.Debug|x86.ActiveCfg = Debug|Any CPU
		{AB8B6FEF-6527-4543-9182-91987B20ABA2}.Debug|x86.Build.0 = Debug|Any CPU
		{AB8B6FEF-6527-4543-9182-91987B20ABA2}.Release|Any CPU.ActiveCfg = Release|Any CPU
		{AB8B6FEF-6527-4543-9182-91987B20ABA2}.Release|Any CPU.Build.0 = Release|Any CPU
		{AB8B6FEF-6527-4543-9182-91987B20ABA2}.Release|x64.ActiveCfg = Release|Any CPU
		{AB8B6FEF-6527-4543-9182-91987B20ABA2}.Release|x64.Build.0 = Release|Any CPU
		{AB8B6FEF-6527-4543-9182-91987B20ABA2}.Release|x86.ActiveCfg = Release|Any CPU
		{AB8B6FEF-6527-4543-9182-91987B20ABA2}.Release|x86.Build.0 = Release|Any CPU
		{7F445712-B380-4DFF-A212-B46C25B21EA0}.Debug|Any CPU.ActiveCfg = Debug|Any CPU
		{7F445712-B380-4DFF-A212-B46C25B21EA0}.Debug|Any CPU.Build.0 = Debug|Any CPU
		{7F445712-B380-4DFF-A212-B46C25B21EA0}.Debug|x64.ActiveCfg = Debug|Any CPU
		{7F445712-B380-4DFF-A212-B46C25B21EA0}.Debug|x64.Build.0 = Debug|Any CPU
		{7F445712-B380-4DFF-A212-B46C25B21EA0}.Debug|x86.ActiveCfg = Debug|Any CPU
		{7F445712-B380-4DFF-A212-B46C25B21EA0}.Debug|x86.Build.0 = Debug|Any CPU
		{7F445712-B380-4DFF-A212-B46C25B21EA0}.Release|Any CPU.ActiveCfg = Release|Any CPU
		{7F445712-B380-4DFF-A212-B46C25B21EA0}.Release|Any CPU.Build.0 = Release|Any CPU
		{7F445712-B380-4DFF-A212-B46C25B21EA0}.Release|x64.ActiveCfg = Release|Any CPU
		{7F445712-B380-4DFF-A212-B46C25B21EA0}.Release|x64.Build.0 = Release|Any CPU
		{7F445712-B380-4DFF-A212-B46C25B21EA0}.Release|x86.ActiveCfg = Release|Any CPU
		{7F445712-B380-4DFF-A212-B46C25B21EA0}.Release|x86.Build.0 = Release|Any CPU
		{186103B9-A6F6-41AC-A7DF-E83CA4DE0246}.Debug|Any CPU.ActiveCfg = Debug|Any CPU
		{186103B9-A6F6-41AC-A7DF-E83CA4DE0246}.Debug|Any CPU.Build.0 = Debug|Any CPU
		{186103B9-A6F6-41AC-A7DF-E83CA4DE0246}.Debug|x64.ActiveCfg = Debug|Any CPU
		{186103B9-A6F6-41AC-A7DF-E83CA4DE0246}.Debug|x64.Build.0 = Debug|Any CPU
		{186103B9-A6F6-41AC-A7DF-E83CA4DE0246}.Debug|x86.ActiveCfg = Debug|Any CPU
		{186103B9-A6F6-41AC-A7DF-E83CA4DE0246}.Debug|x86.Build.0 = Debug|Any CPU
		{186103B9-A6F6-41AC-A7DF-E83CA4DE0246}.Release|Any CPU.ActiveCfg = Release|Any CPU
		{186103B9-A6F6-41AC-A7DF-E83CA4DE0246}.Release|Any CPU.Build.0 = Release|Any CPU
		{186103B9-A6F6-41AC-A7DF-E83CA4DE0246}.Release|x64.ActiveCfg = Release|Any CPU
		{186103B9-A6F6-41AC-A7DF-E83CA4DE0246}.Release|x64.Build.0 = Release|Any CPU
		{186103B9-A6F6-41AC-A7DF-E83CA4DE0246}.Release|x86.ActiveCfg = Release|Any CPU
		{186103B9-A6F6-41AC-A7DF-E83CA4DE0246}.Release|x86.Build.0 = Release|Any CPU
	EndGlobalSection
	GlobalSection(SolutionProperties) = preSolution
		HideSolutionNode = FALSE
	EndGlobalSection
	GlobalSection(NestedProjects) = preSolution
		{74B443AB-AF9C-44C7-9CBB-648C7DB2CDA5} = {827E0CD3-B72D-47B6-A68D-7590B98EB39B}
		{4F451E88-59A3-4A6F-BE9E-482FA2702411} = {07C2787E-EAC7-C090-1BA3-A61EC2A24D84}
		{30A64984-EC44-4628-9A1E-A306F6BEF3AA} = {07C2787E-EAC7-C090-1BA3-A61EC2A24D84}
		{AB8B6FEF-6527-4543-9182-91987B20ABA2} = {07C2787E-EAC7-C090-1BA3-A61EC2A24D84}
		{7F445712-B380-4DFF-A212-B46C25B21EA0} = {827E0CD3-B72D-47B6-A68D-7590B98EB39B}
		{186103B9-A6F6-41AC-A7DF-E83CA4DE0246} = {0C88DD14-F956-CE84-757C-A364CCF449FC}
	EndGlobalSection
EndGlobal
